
Microsoft Visual Studio Solution File, Format Version 12.00
# Visual Studio Version 17
VisualStudioVersion = 17.10.34916.146
MinimumVisualStudioVersion = 10.0.40219.1
Project("{FAE04EC0-301F-11D3-BF4B-00C04F79EFBC}") = "ArraysHomework", "ArraysHomework\ArraysHomework.csproj", "{F29ED996-E56E-4DC9-98EA-028EB400E3B6}"
EndProject
Global
	GlobalSection(SolutionConfigurationPlatforms) = preSolution
		Debug|Any CPU = Debug|Any CPU
		Release|Any CPU = Release|Any CPU
	EndGlobalSection
	GlobalSection(ProjectConfigurationPlatforms) = postSolution
		{F29ED996-E56E-4DC9-98EA-028EB400E3B6}.Debug|Any CPU.ActiveCfg = Debug|Any CPU
		{F29ED996-E56E-4DC9-98EA-028EB400E3B6}.Debug|Any CPU.Build.0 = Debug|Any CPU
		{F29ED996-E56E-4DC9-98EA-028EB400E3B6}.Release|Any CPU.ActiveCfg = Release|Any CPU
		{F29ED996-E56E-4DC9-98EA-028EB400E3B6}.Release|Any CPU.Build.0 = Release|Any CPU
	EndGlobalSection
	GlobalSection(SolutionProperties) = preSolution
		HideSolutionNode = FALSE
	EndGlobalSection
	GlobalSection(ExtensibilityGlobals) = postSolution
		SolutionGuid = {03324A04-E546-48D5-9619-DC9ECCA5120D}
	EndGlobalSection
EndGlobal
